
Microsoft Visual Studio Solution File, Format Version 12.00
# Visual Studio Version 16
VisualStudioVersion = 16.0.33328.57
MinimumVisualStudioVersion = 10.0.40219.1
Project("{FAE04EC0-301F-11D3-BF4B-00C04F79EFBC}") = "C.Sharp-Pastebin_Auth", "C.Sharp-Pastebin_Auth\C.Sharp-Pastebin_Auth.csproj", "{0C143E42-C50E-4FF1-9CCD-749E5BFB9D13}"
EndProject
Global
	GlobalSection(SolutionConfigurationPlatforms) = preSolution
		Debug|Any CPU = Debug|Any CPU
		Release|Any CPU = Release|Any CPU
	EndGlobalSection
	GlobalSection(ProjectConfigurationPlatforms) = postSolution
		{0C143E42-C50E-4FF1-9CCD-749E5BFB9D13}.Debug|Any CPU.ActiveCfg = Debug|Any CPU
		{0C143E42-C50E-4FF1-9CCD-749E5BFB9D13}.Debug|Any CPU.Build.0 = Debug|Any CPU
		{0C143E42-C50E-4FF1-9CCD-749E5BFB9D13}.Release|Any CPU.ActiveCfg = Release|Any CPU
		{0C143E42-C50E-4FF1-9CCD-749E5BFB9D13}.Release|Any CPU.Build.0 = Release|Any CPU
	EndGlobalSection
	GlobalSection(SolutionProperties) = preSolution
		HideSolutionNode = FALSE
	EndGlobalSection
	GlobalSection(ExtensibilityGlobals) = postSolution
		SolutionGuid = {2A259E91-0547-42CF-B7C0-080750173E0B}
	EndGlobalSection
EndGlobal
